
Microsoft Visual Studio Solution File, Format Version 12.00
# Visual Studio 14
VisualStudioVersion = 14.0.25420.1
MinimumVisualStudioVersion = 10.0.40219.1
Project("{FAE04EC0-301F-11D3-BF4B-00C04F79EFBC}") = "LakeMusical", "LakeMusical\LakeMusical.csproj", "{F4E89421-907E-4725-A9FB-7A934453ACDE}"
EndProject
Project("{2150E333-8FDC-42A3-9474-1A3956D46DE8}") = "Solution Items", "Solution Items", "{8FE0A1F5-1FAD-4DEF-817C-0D904BC54F22}"
EndProject
Global
	GlobalSection(SolutionConfigurationPlatforms) = preSolution
		Debug|Any CPU = Debug|Any CPU
		Release|Any CPU = Release|Any CPU
	EndGlobalSection
	GlobalSection(ProjectConfigurationPlatforms) = postSolution
		{F4E89421-907E-4725-A9FB-7A934453ACDE}.Debug|Any CPU.ActiveCfg = Debug|Any CPU
		{F4E89421-907E-4725-A9FB-7A934453ACDE}.Debug|Any CPU.Build.0 = Debug|Any CPU
		{F4E89421-907E-4725-A9FB-7A934453ACDE}.Release|Any CPU.ActiveCfg = Release|Any CPU
		{F4E89421-907E-4725-A9FB-7A934453ACDE}.Release|Any CPU.Build.0 = Release|Any CPU
	EndGlobalSection
	GlobalSection(SolutionProperties) = preSolution
		HideSolutionNode = FALSE
	EndGlobalSection
EndGlobal
